
Microsoft Visual Studio Solution File, Format Version 12.00
# Visual Studio Version 17
VisualStudioVersion = 17.0.32112.339
MinimumVisualStudioVersion = 10.0.40219.1
Project("{FAE04EC0-301F-11D3-BF4B-00C04F79EFBC}") = "CougNet", "CougNet\CougNet.csproj", "{59CCB62D-66CE-4FA9-9CC0-15EBCA1FBBE3}"
EndProject
Project("{FAE04EC0-301F-11D3-BF4B-00C04F79EFBC}") = "CougModels", "CougModels\CougModels.csproj", "{67CEAC26-8E98-461D-963F-2F0113495524}"
EndProject
Global
	GlobalSection(SolutionConfigurationPlatforms) = preSolution
		Debug|Any CPU = Debug|Any CPU
		Release|Any CPU = Release|Any CPU
	EndGlobalSection
	GlobalSection(ProjectConfigurationPlatforms) = postSolution
		{59CCB62D-66CE-4FA9-9CC0-15EBCA1FBBE3}.Debug|Any CPU.ActiveCfg = Debug|Any CPU
		{59CCB62D-66CE-4FA9-9CC0-15EBCA1FBBE3}.Debug|Any CPU.Build.0 = Debug|Any CPU
		{59CCB62D-66CE-4FA9-9CC0-15EBCA1FBBE3}.Release|Any CPU.ActiveCfg = Release|Any CPU
		{59CCB62D-66CE-4FA9-9CC0-15EBCA1FBBE3}.Release|Any CPU.Build.0 = Release|Any CPU
		{67CEAC26-8E98-461D-963F-2F0113495524}.Debug|Any CPU.ActiveCfg = Debug|Any CPU
		{67CEAC26-8E98-461D-963F-2F0113495524}.Debug|Any CPU.Build.0 = Debug|Any CPU
		{67CEAC26-8E98-461D-963F-2F0113495524}.Release|Any CPU.ActiveCfg = Release|Any CPU
		{67CEAC26-8E98-461D-963F-2F0113495524}.Release|Any CPU.Build.0 = Release|Any CPU
	EndGlobalSection
	GlobalSection(SolutionProperties) = preSolution
		HideSolutionNode = FALSE
	EndGlobalSection
	GlobalSection(ExtensibilityGlobals) = postSolution
		SolutionGuid = {D461E83D-67F4-4B8A-A92F-43987BEE74AC}
	EndGlobalSection
EndGlobal
