
Microsoft Visual Studio Solution File, Format Version 12.00
# Visual Studio Version 17
VisualStudioVersion = 17.0.32112.339
MinimumVisualStudioVersion = 10.0.40219.1
Project("{FAE04EC0-301F-11D3-BF4B-00C04F79EFBC}") = "CougNet", "CougNet\CougNet.csproj", "{6B0D71FF-4FB3-49FF-B249-8B7712D33AEE}"
EndProject
Global
	GlobalSection(SolutionConfigurationPlatforms) = preSolution
		Debug|Any CPU = Debug|Any CPU
		Release|Any CPU = Release|Any CPU
	EndGlobalSection
	GlobalSection(ProjectConfigurationPlatforms) = postSolution
		{6B0D71FF-4FB3-49FF-B249-8B7712D33AEE}.Debug|Any CPU.ActiveCfg = Debug|Any CPU
		{6B0D71FF-4FB3-49FF-B249-8B7712D33AEE}.Debug|Any CPU.Build.0 = Debug|Any CPU
		{6B0D71FF-4FB3-49FF-B249-8B7712D33AEE}.Release|Any CPU.ActiveCfg = Release|Any CPU
		{6B0D71FF-4FB3-49FF-B249-8B7712D33AEE}.Release|Any CPU.Build.0 = Release|Any CPU
	EndGlobalSection
	GlobalSection(SolutionProperties) = preSolution
		HideSolutionNode = FALSE
	EndGlobalSection
	GlobalSection(ExtensibilityGlobals) = postSolution
		SolutionGuid = {D461E83D-67F4-4B8A-A92F-43987BEE74AC}
	EndGlobalSection
EndGlobal
